{
  "version": 4,
  "terraform_version": "1.6.4",
  "serial": 21,
  "lineage": "0b633e06-f6f9-0d5a-d2e8-3b5462543aad",
  "outputs": {},
  "resources": [
    {
      "mode": "data",
      "type": "azurerm_client_config",
      "name": "current",
      "provider": "provider[\"registry.terraform.io/hashicorp/azurerm\"]",
      "instances": [
        {
          "schema_version": 0,
          "attributes": {
            "client_id": "04b07795-8ddb-461a-bbee-02f9e1bf7b46",
            "id": "Y2xpZW50Q29uZmlncy9jbGllbnRJZD0wNGIwNzc5NS04ZGRiLTQ2MWEtYmJlZS0wMmY5ZTFiZjdiNDY7b2JqZWN0SWQ9ZmQ2MTE0YTAtNjZlZi00NmI0LTlkNmUtNDM0ZGFmYjkxMmUwO3N1YnNjcmlwdGlvbklkPTAzOGJkMmFiLTdjNGItNGNiMS05MGY0LThiODExYzdiM2ZjNzt0ZW5hbnRJZD04OWY5OTM1My0xZjM4LTQ0NWQtYWY4OC00MGJkYmVmMmE3YTc=",
            "object_id": "fd6114a0-66ef-46b4-9d6e-434dafb912e0",
            "subscription_id": "038bd2ab-7c4b-4cb1-90f4-8b811c7b3fc7",
            "tenant_id": "89f99353-1f38-445d-af88-40bdbef2a7a7",
            "timeouts": null
          },
          "sensitive_attributes": []
        }
      ]
    },
    {
      "mode": "managed",
      "type": "azurerm_key_vault",
      "name": "KeyVault-Desafio03",
      "provider": "provider[\"registry.terraform.io/hashicorp/azurerm\"]",
      "instances": [
        {
          "schema_version": 2,
          "attributes": {
            "access_policy": [
              {
                "application_id": "",
                "certificate_permissions": [],
                "key_permissions": [
                  "Get",
                  "Create",
                  "Delete",
                  "List",
                  "Restore"
                ],
                "object_id": "fd6114a0-66ef-46b4-9d6e-434dafb912e0",
                "secret_permissions": [
                  "Get"
                ],
                "storage_permissions": [],
                "tenant_id": "89f99353-1f38-445d-af88-40bdbef2a7a7"
              },
              {
                "application_id": "",
                "certificate_permissions": [],
                "key_permissions": [
                  "Get",
                  "UnwrapKey",
                  "WrapKey"
                ],
                "object_id": "97b08b2d-8ef0-4a5f-b74f-5a8b8fb0634c",
                "secret_permissions": [
                  "Get"
                ],
                "storage_permissions": [],
                "tenant_id": "89f99353-1f38-445d-af88-40bdbef2a7a7"
              }
            ],
            "contact": [],
            "enable_rbac_authorization": false,
            "enabled_for_deployment": false,
            "enabled_for_disk_encryption": false,
            "enabled_for_template_deployment": false,
            "id": "/subscriptions/038bd2ab-7c4b-4cb1-90f4-8b811c7b3fc7/resourceGroups/DESAFIO03/providers/Microsoft.KeyVault/vaults/kv-desafio3",
            "location": "eastus",
            "name": "kv-desafio3",
            "network_acls": [
              {
                "bypass": "AzureServices",
                "default_action": "Allow",
                "ip_rules": [],
                "virtual_network_subnet_ids": []
              }
            ],
            "public_network_access_enabled": true,
            "purge_protection_enabled": true,
            "resource_group_name": "DESAFIO03",
            "sku_name": "standard",
            "soft_delete_retention_days": 90,
            "tags": null,
            "tenant_id": "89f99353-1f38-445d-af88-40bdbef2a7a7",
            "timeouts": null,
            "vault_uri": "https://kv-desafio3.vault.azure.net/"
          },
          "sensitive_attributes": [],
          "private": "eyJlMmJmYjczMC1lY2FhLTExZTYtOGY4OC0zNDM2M2JjN2M0YzAiOnsiY3JlYXRlIjoxODAwMDAwMDAwMDAwLCJkZWxldGUiOjE4MDAwMDAwMDAwMDAsInJlYWQiOjMwMDAwMDAwMDAwMCwidXBkYXRlIjoxODAwMDAwMDAwMDAwfSwic2NoZW1hX3ZlcnNpb24iOiIyIn0=",
          "dependencies": [
            "azurerm_resource_group.Desafio03-terraform",
            "data.azurerm_client_config.current"
          ]
        }
      ]
    },
    {
      "mode": "managed",
      "type": "azurerm_key_vault_access_policy",
      "name": "storage",
      "provider": "provider[\"registry.terraform.io/hashicorp/azurerm\"]",
      "instances": [
        {
          "schema_version": 0,
          "attributes": {
            "application_id": null,
            "certificate_permissions": null,
            "id": "/subscriptions/038bd2ab-7c4b-4cb1-90f4-8b811c7b3fc7/resourceGroups/DESAFIO03/providers/Microsoft.KeyVault/vaults/kv-desafio3/objectId/04ba439d-92e2-451c-8f1d-f64c3289d5ba",
            "key_permissions": [
              "Get",
              "UnwrapKey",
              "WrapKey"
            ],
            "key_vault_id": "/subscriptions/038bd2ab-7c4b-4cb1-90f4-8b811c7b3fc7/resourceGroups/DESAFIO03/providers/Microsoft.KeyVault/vaults/kv-desafio3",
            "object_id": "04ba439d-92e2-451c-8f1d-f64c3289d5ba",
            "secret_permissions": [
              "Get"
            ],
            "storage_permissions": null,
            "tenant_id": "89f99353-1f38-445d-af88-40bdbef2a7a7",
            "timeouts": null
          },
          "sensitive_attributes": [],
          "private": "eyJlMmJmYjczMC1lY2FhLTExZTYtOGY4OC0zNDM2M2JjN2M0YzAiOnsiY3JlYXRlIjoxODAwMDAwMDAwMDAwLCJkZWxldGUiOjE4MDAwMDAwMDAwMDAsInJlYWQiOjMwMDAwMDAwMDAwMCwidXBkYXRlIjoxODAwMDAwMDAwMDAwfX0=",
          "dependencies": [
            "azurerm_key_vault.KeyVault-Desafio03",
            "azurerm_resource_group.Desafio03-terraform",
            "azurerm_storage_account.desafio03sa-terrafom",
            "data.azurerm_client_config.current"
          ]
        }
      ]
    },
    {
      "mode": "managed",
      "type": "azurerm_resource_group",
      "name": "Desafio03-terraform",
      "provider": "provider[\"registry.terraform.io/hashicorp/azurerm\"]",
      "instances": [
        {
          "schema_version": 0,
          "attributes": {
            "id": "/subscriptions/038bd2ab-7c4b-4cb1-90f4-8b811c7b3fc7/resourceGroups/DESAFIO03",
            "location": "eastus",
            "managed_by": "",
            "name": "DESAFIO03",
            "tags": null,
            "timeouts": null
          },
          "sensitive_attributes": [],
          "private": "eyJlMmJmYjczMC1lY2FhLTExZTYtOGY4OC0zNDM2M2JjN2M0YzAiOnsiY3JlYXRlIjo1NDAwMDAwMDAwMDAwLCJkZWxldGUiOjU0MDAwMDAwMDAwMDAsInJlYWQiOjMwMDAwMDAwMDAwMCwidXBkYXRlIjo1NDAwMDAwMDAwMDAwfX0="
        }
      ]
    },
    {
      "mode": "managed",
      "type": "azurerm_storage_account",
      "name": "desafio03sa-terrafom",
      "provider": "provider[\"registry.terraform.io/hashicorp/azurerm\"]",
      "instances": [
        {
          "schema_version": 4,
          "attributes": {
            "access_tier": "Hot",
            "account_kind": "StorageV2",
            "account_replication_type": "GRS",
            "account_tier": "Standard",
            "allow_nested_items_to_be_public": true,
            "allowed_copy_scope": "",
            "azure_files_authentication": [],
            "blob_properties": [
              {
                "change_feed_enabled": false,
                "change_feed_retention_in_days": 0,
                "container_delete_retention_policy": [],
                "cors_rule": [],
                "default_service_version": "",
                "delete_retention_policy": [],
                "last_access_time_enabled": false,
                "restore_policy": [],
                "versioning_enabled": false
              }
            ],
            "cross_tenant_replication_enabled": true,
            "custom_domain": [],
            "customer_managed_key": [],
            "default_to_oauth_authentication": false,
            "edge_zone": "",
            "enable_https_traffic_only": true,
            "id": "/subscriptions/038bd2ab-7c4b-4cb1-90f4-8b811c7b3fc7/resourceGroups/DESAFIO03/providers/Microsoft.Storage/storageAccounts/desafio03sa",
            "identity": [
              {
                "identity_ids": null,
                "principal_id": "04ba439d-92e2-451c-8f1d-f64c3289d5ba",
                "tenant_id": "89f99353-1f38-445d-af88-40bdbef2a7a7",
                "type": "SystemAssigned"
              }
            ],
            "immutability_policy": [],
            "infrastructure_encryption_enabled": false,
            "is_hns_enabled": false,
            "large_file_share_enabled": null,
            "location": "eastus",
            "min_tls_version": "TLS1_2",
            "name": "desafio03sa",
            "network_rules": [
              {
                "bypass": [
                  "AzureServices"
                ],
                "default_action": "Allow",
                "ip_rules": [],
                "private_link_access": [],
                "virtual_network_subnet_ids": []
              }
            ],
            "nfsv3_enabled": false,
            "primary_access_key": "6geGdE1yLiR/JCodnmw8dq+KC9qYa8yYHPaU7D3Dfs2oon1M7umNz15iaDv1ZTKSEKWD0aXoBAev+AStceEy9Q==",
            "primary_blob_connection_string": "DefaultEndpointsProtocol=https;BlobEndpoint=https://desafio03sa.blob.core.windows.net/;AccountName=desafio03sa;AccountKey=6geGdE1yLiR/JCodnmw8dq+KC9qYa8yYHPaU7D3Dfs2oon1M7umNz15iaDv1ZTKSEKWD0aXoBAev+AStceEy9Q==",
            "primary_blob_endpoint": "https://desafio03sa.blob.core.windows.net/",
            "primary_blob_host": "desafio03sa.blob.core.windows.net",
            "primary_connection_string": "DefaultEndpointsProtocol=https;AccountName=desafio03sa;AccountKey=6geGdE1yLiR/JCodnmw8dq+KC9qYa8yYHPaU7D3Dfs2oon1M7umNz15iaDv1ZTKSEKWD0aXoBAev+AStceEy9Q==;EndpointSuffix=core.windows.net",
            "primary_dfs_endpoint": "https://desafio03sa.dfs.core.windows.net/",
            "primary_dfs_host": "desafio03sa.dfs.core.windows.net",
            "primary_file_endpoint": "https://desafio03sa.file.core.windows.net/",
            "primary_file_host": "desafio03sa.file.core.windows.net",
            "primary_location": "eastus",
            "primary_queue_endpoint": "https://desafio03sa.queue.core.windows.net/",
            "primary_queue_host": "desafio03sa.queue.core.windows.net",
            "primary_table_endpoint": "https://desafio03sa.table.core.windows.net/",
            "primary_table_host": "desafio03sa.table.core.windows.net",
            "primary_web_endpoint": "https://desafio03sa.z13.web.core.windows.net/",
            "primary_web_host": "desafio03sa.z13.web.core.windows.net",
            "public_network_access_enabled": true,
            "queue_encryption_key_type": "Service",
            "queue_properties": [
              {
                "cors_rule": [],
                "hour_metrics": [
                  {
                    "enabled": true,
                    "include_apis": true,
                    "retention_policy_days": 7,
                    "version": "1.0"
                  }
                ],
                "logging": [
                  {
                    "delete": false,
                    "read": false,
                    "retention_policy_days": 0,
                    "version": "1.0",
                    "write": false
                  }
                ],
                "minute_metrics": [
                  {
                    "enabled": false,
                    "include_apis": false,
                    "retention_policy_days": 0,
                    "version": "1.0"
                  }
                ]
              }
            ],
            "resource_group_name": "DESAFIO03",
            "routing": [],
            "sas_policy": [],
            "secondary_access_key": "Te27/mJb/igHK33v/evRPIdyY33dpo2mWWp1JDK7Q75ul1kq5LWkT7zAytp6vpwCk6OnAKZtFGHB+AStEw1yug==",
            "secondary_blob_connection_string": "",
            "secondary_blob_endpoint": null,
            "secondary_blob_host": null,
            "secondary_connection_string": "DefaultEndpointsProtocol=https;AccountName=desafio03sa;AccountKey=Te27/mJb/igHK33v/evRPIdyY33dpo2mWWp1JDK7Q75ul1kq5LWkT7zAytp6vpwCk6OnAKZtFGHB+AStEw1yug==;EndpointSuffix=core.windows.net",
            "secondary_dfs_endpoint": null,
            "secondary_dfs_host": null,
            "secondary_file_endpoint": null,
            "secondary_file_host": null,
            "secondary_location": "westus",
            "secondary_queue_endpoint": null,
            "secondary_queue_host": null,
            "secondary_table_endpoint": null,
            "secondary_table_host": null,
            "secondary_web_endpoint": null,
            "secondary_web_host": null,
            "sftp_enabled": false,
            "share_properties": [
              {
                "cors_rule": [],
                "retention_policy": [
                  {
                    "days": 7
                  }
                ],
                "smb": []
              }
            ],
            "shared_access_key_enabled": true,
            "static_website": [],
            "table_encryption_key_type": "Service",
            "tags": null,
            "timeouts": null
          },
          "sensitive_attributes": [],
          "private": "eyJlMmJmYjczMC1lY2FhLTExZTYtOGY4OC0zNDM2M2JjN2M0YzAiOnsiY3JlYXRlIjozNjAwMDAwMDAwMDAwLCJkZWxldGUiOjM2MDAwMDAwMDAwMDAsInJlYWQiOjMwMDAwMDAwMDAwMCwidXBkYXRlIjozNjAwMDAwMDAwMDAwfSwic2NoZW1hX3ZlcnNpb24iOiI0In0=",
          "dependencies": [
            "azurerm_resource_group.Desafio03-terraform"
          ]
        }
      ]
    }
  ],
  "check_results": null
}
