{
  "version": 4,
  "terraform_version": "1.6.4",
  "serial": 6,
  "lineage": "eebfa57d-4680-5835-e89a-405b04ef76b7",
  "outputs": {
    "network_account_id": {
      "value": "/subscriptions/038bd2ab-7c4b-4cb1-90f4-8b811c7b3fc7/resourceGroups/rg-desafio3-network/providers/Microsoft.Network/virtualNetworks/Vnet-desafio3",
      "type": "string"
    }
  },
  "resources": [
    {
      "mode": "data",
      "type": "azurerm_client_config",
      "name": "current",
      "provider": "provider[\"registry.terraform.io/hashicorp/azurerm\"]",
      "instances": [
        {
          "schema_version": 0,
          "attributes": {
            "client_id": "04b07795-8ddb-461a-bbee-02f9e1bf7b46",
            "id": "Y2xpZW50Q29uZmlncy9jbGllbnRJZD0wNGIwNzc5NS04ZGRiLTQ2MWEtYmJlZS0wMmY5ZTFiZjdiNDY7b2JqZWN0SWQ9ZmQ2MTE0YTAtNjZlZi00NmI0LTlkNmUtNDM0ZGFmYjkxMmUwO3N1YnNjcmlwdGlvbklkPTAzOGJkMmFiLTdjNGItNGNiMS05MGY0LThiODExYzdiM2ZjNzt0ZW5hbnRJZD04OWY5OTM1My0xZjM4LTQ0NWQtYWY4OC00MGJkYmVmMmE3YTc=",
            "object_id": "fd6114a0-66ef-46b4-9d6e-434dafb912e0",
            "subscription_id": "038bd2ab-7c4b-4cb1-90f4-8b811c7b3fc7",
            "tenant_id": "89f99353-1f38-445d-af88-40bdbef2a7a7",
            "timeouts": null
          },
          "sensitive_attributes": []
        }
      ]
    },
    {
      "mode": "managed",
      "type": "azurerm_key_vault",
      "name": "KeyVault1-Desafio03",
      "provider": "provider[\"registry.terraform.io/hashicorp/azurerm\"]",
      "instances": [
        {
          "schema_version": 2,
          "attributes": {
            "access_policy": [
              {
                "application_id": "",
                "certificate_permissions": null,
                "key_permissions": null,
                "object_id": "fd6114a0-66ef-46b4-9d6e-434dafb912e0",
                "secret_permissions": [
                  "Get",
                  "List",
                  "Set",
                  "Delete"
                ],
                "storage_permissions": null,
                "tenant_id": "89f99353-1f38-445d-af88-40bdbef2a7a7"
              }
            ],
            "contact": [],
            "enable_rbac_authorization": false,
            "enabled_for_deployment": false,
            "enabled_for_disk_encryption": false,
            "enabled_for_template_deployment": false,
            "id": "/subscriptions/038bd2ab-7c4b-4cb1-90f4-8b811c7b3fc7/resourceGroups/rg-desafio3-from-terraform/providers/Microsoft.KeyVault/vaults/kv-labdesafio3",
            "location": "eastus",
            "name": "kv-labdesafio3",
            "network_acls": [
              {
                "bypass": "AzureServices",
                "default_action": "Allow",
                "ip_rules": [],
                "virtual_network_subnet_ids": []
              }
            ],
            "public_network_access_enabled": true,
            "purge_protection_enabled": false,
            "resource_group_name": "rg-desafio3-from-terraform",
            "sku_name": "standard",
            "soft_delete_retention_days": 90,
            "tags": null,
            "tenant_id": "89f99353-1f38-445d-af88-40bdbef2a7a7",
            "timeouts": null,
            "vault_uri": "https://kv-labdesafio3.vault.azure.net/"
          },
          "sensitive_attributes": [],
          "private": "eyJlMmJmYjczMC1lY2FhLTExZTYtOGY4OC0zNDM2M2JjN2M0YzAiOnsiY3JlYXRlIjoxODAwMDAwMDAwMDAwLCJkZWxldGUiOjE4MDAwMDAwMDAwMDAsInJlYWQiOjMwMDAwMDAwMDAwMCwidXBkYXRlIjoxODAwMDAwMDAwMDAwfSwic2NoZW1hX3ZlcnNpb24iOiIyIn0=",
          "dependencies": [
            "azurerm_resource_group.Desafio03-terraform",
            "data.azurerm_client_config.current"
          ]
        }
      ]
    },
    {
      "mode": "managed",
      "type": "azurerm_resource_group",
      "name": "Desafio03-terraform",
      "provider": "provider[\"registry.terraform.io/hashicorp/azurerm\"]",
      "instances": [
        {
          "schema_version": 0,
          "attributes": {
            "id": "/subscriptions/038bd2ab-7c4b-4cb1-90f4-8b811c7b3fc7/resourceGroups/rg-desafio3-from-terraform",
            "location": "eastus",
            "managed_by": "",
            "name": "rg-desafio3-from-terraform",
            "tags": null,
            "timeouts": null
          },
          "sensitive_attributes": [],
          "private": "eyJlMmJmYjczMC1lY2FhLTExZTYtOGY4OC0zNDM2M2JjN2M0YzAiOnsiY3JlYXRlIjo1NDAwMDAwMDAwMDAwLCJkZWxldGUiOjU0MDAwMDAwMDAwMDAsInJlYWQiOjMwMDAwMDAwMDAwMCwidXBkYXRlIjo1NDAwMDAwMDAwMDAwfX0="
        }
      ]
    },
    {
      "mode": "managed",
      "type": "azurerm_storage_account",
      "name": "desafio03sa-terrafom",
      "provider": "provider[\"registry.terraform.io/hashicorp/azurerm\"]",
      "instances": [
        {
          "schema_version": 4,
          "attributes": {
            "access_tier": "Hot",
            "account_kind": "StorageV2",
            "account_replication_type": "LRS",
            "account_tier": "Standard",
            "allow_nested_items_to_be_public": true,
            "allowed_copy_scope": "",
            "azure_files_authentication": [],
            "blob_properties": [
              {
                "change_feed_enabled": false,
                "change_feed_retention_in_days": 0,
                "container_delete_retention_policy": [],
                "cors_rule": [],
                "default_service_version": "",
                "delete_retention_policy": [],
                "last_access_time_enabled": false,
                "restore_policy": [],
                "versioning_enabled": false
              }
            ],
            "cross_tenant_replication_enabled": true,
            "custom_domain": [],
            "customer_managed_key": [],
            "default_to_oauth_authentication": false,
            "edge_zone": "",
            "enable_https_traffic_only": true,
            "id": "/subscriptions/038bd2ab-7c4b-4cb1-90f4-8b811c7b3fc7/resourceGroups/rg-desafio3-from-terraform/providers/Microsoft.Storage/storageAccounts/storagedesafio03",
            "identity": [],
            "immutability_policy": [],
            "infrastructure_encryption_enabled": false,
            "is_hns_enabled": false,
            "large_file_share_enabled": null,
            "location": "eastus",
            "min_tls_version": "TLS1_2",
            "name": "storagedesafio03",
            "network_rules": [
              {
                "bypass": [
                  "AzureServices"
                ],
                "default_action": "Allow",
                "ip_rules": [],
                "private_link_access": [],
                "virtual_network_subnet_ids": []
              }
            ],
            "nfsv3_enabled": false,
            "primary_access_key": "Iak+Ogf7c9dQ2ePZaQafB8A/XQRclDUTiF8YIY+iF7uqA2V5+UqH29o7Gx+/N+Cjb83fOtnA+1ek+ASt81u8/w==",
            "primary_blob_connection_string": "DefaultEndpointsProtocol=https;BlobEndpoint=https://storagedesafio03.blob.core.windows.net/;AccountName=storagedesafio03;AccountKey=Iak+Ogf7c9dQ2ePZaQafB8A/XQRclDUTiF8YIY+iF7uqA2V5+UqH29o7Gx+/N+Cjb83fOtnA+1ek+ASt81u8/w==",
            "primary_blob_endpoint": "https://storagedesafio03.blob.core.windows.net/",
            "primary_blob_host": "storagedesafio03.blob.core.windows.net",
            "primary_connection_string": "DefaultEndpointsProtocol=https;AccountName=storagedesafio03;AccountKey=Iak+Ogf7c9dQ2ePZaQafB8A/XQRclDUTiF8YIY+iF7uqA2V5+UqH29o7Gx+/N+Cjb83fOtnA+1ek+ASt81u8/w==;EndpointSuffix=core.windows.net",
            "primary_dfs_endpoint": "https://storagedesafio03.dfs.core.windows.net/",
            "primary_dfs_host": "storagedesafio03.dfs.core.windows.net",
            "primary_file_endpoint": "https://storagedesafio03.file.core.windows.net/",
            "primary_file_host": "storagedesafio03.file.core.windows.net",
            "primary_location": "eastus",
            "primary_queue_endpoint": "https://storagedesafio03.queue.core.windows.net/",
            "primary_queue_host": "storagedesafio03.queue.core.windows.net",
            "primary_table_endpoint": "https://storagedesafio03.table.core.windows.net/",
            "primary_table_host": "storagedesafio03.table.core.windows.net",
            "primary_web_endpoint": "https://storagedesafio03.z13.web.core.windows.net/",
            "primary_web_host": "storagedesafio03.z13.web.core.windows.net",
            "public_network_access_enabled": true,
            "queue_encryption_key_type": "Service",
            "queue_properties": [
              {
                "cors_rule": [],
                "hour_metrics": [
                  {
                    "enabled": true,
                    "include_apis": true,
                    "retention_policy_days": 7,
                    "version": "1.0"
                  }
                ],
                "logging": [
                  {
                    "delete": false,
                    "read": false,
                    "retention_policy_days": 0,
                    "version": "1.0",
                    "write": false
                  }
                ],
                "minute_metrics": [
                  {
                    "enabled": false,
                    "include_apis": false,
                    "retention_policy_days": 0,
                    "version": "1.0"
                  }
                ]
              }
            ],
            "resource_group_name": "rg-desafio3-from-terraform",
            "routing": [],
            "sas_policy": [],
            "secondary_access_key": "DrZV9d8zt7I6YokyBFaxh1zDnv1d9gJv7IMQ+SlmZjzMzjYXtwaLq4uV4nc7iNUfeVV5RzVN1T6k+AStzp63EA==",
            "secondary_blob_connection_string": "",
            "secondary_blob_endpoint": null,
            "secondary_blob_host": null,
            "secondary_connection_string": "DefaultEndpointsProtocol=https;AccountName=storagedesafio03;AccountKey=DrZV9d8zt7I6YokyBFaxh1zDnv1d9gJv7IMQ+SlmZjzMzjYXtwaLq4uV4nc7iNUfeVV5RzVN1T6k+AStzp63EA==;EndpointSuffix=core.windows.net",
            "secondary_dfs_endpoint": null,
            "secondary_dfs_host": null,
            "secondary_file_endpoint": null,
            "secondary_file_host": null,
            "secondary_location": "",
            "secondary_queue_endpoint": null,
            "secondary_queue_host": null,
            "secondary_table_endpoint": null,
            "secondary_table_host": null,
            "secondary_web_endpoint": null,
            "secondary_web_host": null,
            "sftp_enabled": false,
            "share_properties": [
              {
                "cors_rule": [],
                "retention_policy": [
                  {
                    "days": 7
                  }
                ],
                "smb": []
              }
            ],
            "shared_access_key_enabled": true,
            "static_website": [],
            "table_encryption_key_type": "Service",
            "tags": null,
            "timeouts": null
          },
          "sensitive_attributes": [],
          "private": "eyJlMmJmYjczMC1lY2FhLTExZTYtOGY4OC0zNDM2M2JjN2M0YzAiOnsiY3JlYXRlIjozNjAwMDAwMDAwMDAwLCJkZWxldGUiOjM2MDAwMDAwMDAwMDAsInJlYWQiOjMwMDAwMDAwMDAwMCwidXBkYXRlIjozNjAwMDAwMDAwMDAwfSwic2NoZW1hX3ZlcnNpb24iOiI0In0=",
          "dependencies": [
            "azurerm_resource_group.Desafio03-terraform"
          ]
        }
      ]
    },
    {
      "module": "module.network_module",
      "mode": "managed",
      "type": "azurerm_network_security_group",
      "name": "NSG-module",
      "provider": "provider[\"registry.terraform.io/hashicorp/azurerm\"]",
      "instances": [
        {
          "index_key": 0,
          "schema_version": 0,
          "attributes": {
            "id": "/subscriptions/038bd2ab-7c4b-4cb1-90f4-8b811c7b3fc7/resourceGroups/rg-desafio3-network/providers/Microsoft.Network/networkSecurityGroups/nsg-AppGateway",
            "location": "eastus",
            "name": "nsg-AppGateway",
            "resource_group_name": "rg-desafio3-network",
            "security_rule": [],
            "tags": null,
            "timeouts": null
          },
          "sensitive_attributes": [],
          "private": "eyJlMmJmYjczMC1lY2FhLTExZTYtOGY4OC0zNDM2M2JjN2M0YzAiOnsiY3JlYXRlIjoxODAwMDAwMDAwMDAwLCJkZWxldGUiOjE4MDAwMDAwMDAwMDAsInJlYWQiOjMwMDAwMDAwMDAwMCwidXBkYXRlIjoxODAwMDAwMDAwMDAwfX0=",
          "dependencies": [
            "module.network_module.azurerm_resource_group.LabDesafio03"
          ]
        },
        {
          "index_key": 1,
          "schema_version": 0,
          "attributes": {
            "id": "/subscriptions/038bd2ab-7c4b-4cb1-90f4-8b811c7b3fc7/resourceGroups/rg-desafio3-network/providers/Microsoft.Network/networkSecurityGroups/nsg-Firewall",
            "location": "eastus",
            "name": "nsg-Firewall",
            "resource_group_name": "rg-desafio3-network",
            "security_rule": [],
            "tags": null,
            "timeouts": null
          },
          "sensitive_attributes": [],
          "private": "eyJlMmJmYjczMC1lY2FhLTExZTYtOGY4OC0zNDM2M2JjN2M0YzAiOnsiY3JlYXRlIjoxODAwMDAwMDAwMDAwLCJkZWxldGUiOjE4MDAwMDAwMDAwMDAsInJlYWQiOjMwMDAwMDAwMDAwMCwidXBkYXRlIjoxODAwMDAwMDAwMDAwfX0=",
          "dependencies": [
            "module.network_module.azurerm_resource_group.LabDesafio03"
          ]
        },
        {
          "index_key": 2,
          "schema_version": 0,
          "attributes": {
            "id": "/subscriptions/038bd2ab-7c4b-4cb1-90f4-8b811c7b3fc7/resourceGroups/rg-desafio3-network/providers/Microsoft.Network/networkSecurityGroups/nsg-Other",
            "location": "eastus",
            "name": "nsg-Other",
            "resource_group_name": "rg-desafio3-network",
            "security_rule": [],
            "tags": null,
            "timeouts": null
          },
          "sensitive_attributes": [],
          "private": "eyJlMmJmYjczMC1lY2FhLTExZTYtOGY4OC0zNDM2M2JjN2M0YzAiOnsiY3JlYXRlIjoxODAwMDAwMDAwMDAwLCJkZWxldGUiOjE4MDAwMDAwMDAwMDAsInJlYWQiOjMwMDAwMDAwMDAwMCwidXBkYXRlIjoxODAwMDAwMDAwMDAwfX0=",
          "dependencies": [
            "module.network_module.azurerm_resource_group.LabDesafio03"
          ]
        }
      ]
    },
    {
      "module": "module.network_module",
      "mode": "managed",
      "type": "azurerm_resource_group",
      "name": "LabDesafio03",
      "provider": "provider[\"registry.terraform.io/hashicorp/azurerm\"]",
      "instances": [
        {
          "schema_version": 0,
          "attributes": {
            "id": "/subscriptions/038bd2ab-7c4b-4cb1-90f4-8b811c7b3fc7/resourceGroups/rg-desafio3-network",
            "location": "eastus",
            "managed_by": "",
            "name": "rg-desafio3-network",
            "tags": null,
            "timeouts": null
          },
          "sensitive_attributes": [],
          "private": "eyJlMmJmYjczMC1lY2FhLTExZTYtOGY4OC0zNDM2M2JjN2M0YzAiOnsiY3JlYXRlIjo1NDAwMDAwMDAwMDAwLCJkZWxldGUiOjU0MDAwMDAwMDAwMDAsInJlYWQiOjMwMDAwMDAwMDAwMCwidXBkYXRlIjo1NDAwMDAwMDAwMDAwfX0="
        }
      ]
    },
    {
      "module": "module.network_module",
      "mode": "managed",
      "type": "azurerm_subnet",
      "name": "Subnet-module",
      "provider": "provider[\"registry.terraform.io/hashicorp/azurerm\"]",
      "instances": [
        {
          "index_key": 0,
          "schema_version": 0,
          "attributes": {
            "address_prefixes": [
              "10.0.1.0/24"
            ],
            "delegation": [],
            "enforce_private_link_endpoint_network_policies": false,
            "enforce_private_link_service_network_policies": false,
            "id": "/subscriptions/038bd2ab-7c4b-4cb1-90f4-8b811c7b3fc7/resourceGroups/rg-desafio3-network/providers/Microsoft.Network/virtualNetworks/Vnet-desafio3/subnets/AppGateway",
            "name": "AppGateway",
            "private_endpoint_network_policies_enabled": true,
            "private_link_service_network_policies_enabled": true,
            "resource_group_name": "rg-desafio3-network",
            "service_endpoint_policy_ids": null,
            "service_endpoints": null,
            "timeouts": null,
            "virtual_network_name": "Vnet-desafio3"
          },
          "sensitive_attributes": [],
          "private": "eyJlMmJmYjczMC1lY2FhLTExZTYtOGY4OC0zNDM2M2JjN2M0YzAiOnsiY3JlYXRlIjoxODAwMDAwMDAwMDAwLCJkZWxldGUiOjE4MDAwMDAwMDAwMDAsInJlYWQiOjMwMDAwMDAwMDAwMCwidXBkYXRlIjoxODAwMDAwMDAwMDAwfX0=",
          "dependencies": [
            "module.network_module.azurerm_resource_group.LabDesafio03",
            "module.network_module.azurerm_virtual_network.Vnet-module"
          ]
        },
        {
          "index_key": 1,
          "schema_version": 0,
          "attributes": {
            "address_prefixes": [
              "10.0.2.0/24"
            ],
            "delegation": [],
            "enforce_private_link_endpoint_network_policies": false,
            "enforce_private_link_service_network_policies": false,
            "id": "/subscriptions/038bd2ab-7c4b-4cb1-90f4-8b811c7b3fc7/resourceGroups/rg-desafio3-network/providers/Microsoft.Network/virtualNetworks/Vnet-desafio3/subnets/Firewall",
            "name": "Firewall",
            "private_endpoint_network_policies_enabled": true,
            "private_link_service_network_policies_enabled": true,
            "resource_group_name": "rg-desafio3-network",
            "service_endpoint_policy_ids": null,
            "service_endpoints": null,
            "timeouts": null,
            "virtual_network_name": "Vnet-desafio3"
          },
          "sensitive_attributes": [],
          "private": "eyJlMmJmYjczMC1lY2FhLTExZTYtOGY4OC0zNDM2M2JjN2M0YzAiOnsiY3JlYXRlIjoxODAwMDAwMDAwMDAwLCJkZWxldGUiOjE4MDAwMDAwMDAwMDAsInJlYWQiOjMwMDAwMDAwMDAwMCwidXBkYXRlIjoxODAwMDAwMDAwMDAwfX0=",
          "dependencies": [
            "module.network_module.azurerm_resource_group.LabDesafio03",
            "module.network_module.azurerm_virtual_network.Vnet-module"
          ]
        },
        {
          "index_key": 2,
          "schema_version": 0,
          "attributes": {
            "address_prefixes": [
              "10.0.3.0/24"
            ],
            "delegation": [],
            "enforce_private_link_endpoint_network_policies": false,
            "enforce_private_link_service_network_policies": false,
            "id": "/subscriptions/038bd2ab-7c4b-4cb1-90f4-8b811c7b3fc7/resourceGroups/rg-desafio3-network/providers/Microsoft.Network/virtualNetworks/Vnet-desafio3/subnets/Other",
            "name": "Other",
            "private_endpoint_network_policies_enabled": true,
            "private_link_service_network_policies_enabled": true,
            "resource_group_name": "rg-desafio3-network",
            "service_endpoint_policy_ids": null,
            "service_endpoints": null,
            "timeouts": null,
            "virtual_network_name": "Vnet-desafio3"
          },
          "sensitive_attributes": [],
          "private": "eyJlMmJmYjczMC1lY2FhLTExZTYtOGY4OC0zNDM2M2JjN2M0YzAiOnsiY3JlYXRlIjoxODAwMDAwMDAwMDAwLCJkZWxldGUiOjE4MDAwMDAwMDAwMDAsInJlYWQiOjMwMDAwMDAwMDAwMCwidXBkYXRlIjoxODAwMDAwMDAwMDAwfX0=",
          "dependencies": [
            "module.network_module.azurerm_resource_group.LabDesafio03",
            "module.network_module.azurerm_virtual_network.Vnet-module"
          ]
        }
      ]
    },
    {
      "module": "module.network_module",
      "mode": "managed",
      "type": "azurerm_virtual_network",
      "name": "Vnet-module",
      "provider": "provider[\"registry.terraform.io/hashicorp/azurerm\"]",
      "instances": [
        {
          "schema_version": 0,
          "attributes": {
            "address_space": [
              "10.0.0.0/16"
            ],
            "bgp_community": "",
            "ddos_protection_plan": [],
            "dns_servers": [],
            "edge_zone": "",
            "encryption": [],
            "flow_timeout_in_minutes": 0,
            "guid": "2719c432-cb55-4079-ac81-264c856114aa",
            "id": "/subscriptions/038bd2ab-7c4b-4cb1-90f4-8b811c7b3fc7/resourceGroups/rg-desafio3-network/providers/Microsoft.Network/virtualNetworks/Vnet-desafio3",
            "location": "eastus",
            "name": "Vnet-desafio3",
            "resource_group_name": "rg-desafio3-network",
            "subnet": [],
            "tags": null,
            "timeouts": null
          },
          "sensitive_attributes": [],
          "private": "eyJlMmJmYjczMC1lY2FhLTExZTYtOGY4OC0zNDM2M2JjN2M0YzAiOnsiY3JlYXRlIjoxODAwMDAwMDAwMDAwLCJkZWxldGUiOjE4MDAwMDAwMDAwMDAsInJlYWQiOjMwMDAwMDAwMDAwMCwidXBkYXRlIjoxODAwMDAwMDAwMDAwfX0=",
          "dependencies": [
            "module.network_module.azurerm_resource_group.LabDesafio03"
          ]
        }
      ]
    }
  ],
  "check_results": null
}
